
Microsoft Visual Studio Solution File, Format Version 12.00
# Visual Studio 14
VisualStudioVersion = 14.0.25420.1
MinimumVisualStudioVersion = 10.0.40219.1
Project("{D954291E-2A0B-460D-934E-DC6B0785DB48}") = "List", "List\List.shproj", "{1FE3A112-DAB8-4425-BD93-48C5F3FB5DBE}"
EndProject
Global
	GlobalSection(SharedMSBuildProjectFiles) = preSolution
		List\List.projitems*{1fe3a112-dab8-4425-bd93-48c5f3fb5dbe}*SharedItemsImports = 13
	EndGlobalSection
	GlobalSection(SolutionProperties) = preSolution
		HideSolutionNode = FALSE
	EndGlobalSection
EndGlobal
